// !$*UTF8*$!
{
	archiveVersion = 1;
	classes = {
	};
	objectVersion = 48;
	objects = {

/* Begin PBXBuildFile section */
		789C35E320447FFD009A48F4 /* AppDelegate.swift in Sources */ = {isa = PBXBuildFile; fileRef = 789C35E220447FFD009A48F4 /* AppDelegate.swift */; };
		789C35E520447FFD009A48F4 /* ViewController.swift in Sources */ = {isa = PBXBuildFile; fileRef = 789C35E420447FFD009A48F4 /* ViewController.swift */; };
		789C35E820447FFD009A48F4 /* Main.storyboard in Resources */ = {isa = PBXBuildFile; fileRef = 789C35E620447FFD009A48F4 /* Main.storyboard */; };
		789C35EA20447FFD009A48F4 /* Assets.xcassets in Resources */ = {isa = PBXBuildFile; fileRef = 789C35E920447FFD009A48F4 /* Assets.xcassets */; };
		789C35ED20447FFD009A48F4 /* LaunchScreen.storyboard in Resources */ = {isa = PBXBuildFile; fileRef = 789C35EB20447FFD009A48F4 /* LaunchScreen.storyboard */; };
/* End PBXBuildFile section */

/* Begin PBXFileReference section */
		789C35DF20447FFD009A48F4 /* learn-hustel-mode.app */ = {isa = PBXFileReference; explicitFileType = wrapper.application; includeInIndex = 0; path = "learn-hustel-mode.app"; sourceTree = BUILT_PRODUCTS_DIR; };
		789C35E220447FFD009A48F4 /* AppDelegate.swift */ = {isa = PBXFileReference; lastKnownFileType = sourcecode.swift; path = AppDelegate.swift; sourceTree = "<group>"; };
		789C35E420447FFD009A48F4 /* ViewController.swift */ = {isa = PBXFileReference; lastKnownFileType = sourcecode.swift; path = ViewController.swift; sourceTree = "<group>"; };
		789C35E720447FFD009A48F4 /* Base */ = {isa = PBXFileReference; lastKnownFileType = file.storyboard; name = Base; path = Base.lproj/Main.storyboard; sourceTree = "<group>"; };
		789C35E920447FFD009A48F4 /* Assets.xcassets */ = {isa = PBXFileReference; lastKnownFileType = folder.assetcatalog; path = Assets.xcassets; sourceTree = "<group>"; };
		789C35EC20447FFD009A48F4 /* Base */ = {isa = PBXFileReference; lastKnownFileType = file.storyboard; name = Base; path = Base.lproj/LaunchScreen.storyboard; sourceTree = "<group>"; };
		789C35EE20447FFD009A48F4 /* Info.plist */ = {isa = PBXFileReference; lastKnownFileType = text.plist.xml; path = Info.plist; sourceTree = "<group>"; };
		789C35F52045A42E009A48F4 /* hustle-on.wav */ = {isa = PBXFileReference; lastKnownFileType = audio.wav; name = "hustle-on.wav"; path = "../../../Downloads/[FreeTutorials.Us] Udemy - devslopes-ios11/01 Getting Started With Xcode 9 & iOS 11/hustle-mode-code-assets/assets/Assets/hustle-on.wav"; sourceTree = "<group>"; };
/* End PBXFileReference section */

/* Begin PBXFrameworksBuildPhase section */
		789C35DC20447FFC009A48F4 /* Frameworks */ = {
			isa = PBXFrameworksBuildPhase;
			buildActionMask = 2147483647;
			files = (
			);
			runOnlyForDeploymentPostprocessing = 0;
		};
/* End PBXFrameworksBuildPhase section */

/* Begin PBXGroup section */
		789C35D620447FFC009A48F4 = {
			isa = PBXGroup;
			children = (
				789C35E120447FFD009A48F4 /* learn-hustel-mode */,
				789C35E020447FFD009A48F4 /* Products */,
			);
			sourceTree = "<group>";
		};
		789C35E020447FFD009A48F4 /* Products */ = {
			isa = PBXGroup;
			children = (
				789C35DF20447FFD009A48F4 /* learn-hustel-mode.app */,
			);
			name = Products;
			sourceTree = "<group>";
		};
		789C35E120447FFD009A48F4 /* learn-hustel-mode */ = {
			isa = PBXGroup;
			children = (
				789C35F52045A42E009A48F4 /* hustle-on.wav */,
				789C35E220447FFD009A48F4 /* AppDelegate.swift */,
				789C35E420447FFD009A48F4 /* ViewController.swift */,
				789C35E620447FFD009A48F4 /* Main.storyboard */,
				789C35E920447FFD009A48F4 /* Assets.xcassets */,
				789C35EB20447FFD009A48F4 /* LaunchScreen.storyboard */,
				789C35EE20447FFD009A48F4 /* Info.plist */,
			);
			path = "learn-hustel-mode";
			sourceTree = "<group>";
		};
/* End PBXGroup section */

/* Begin PBXNativeTarget section */
		789C35DE20447FFC009A48F4 /* learn-hustel-mode */ = {
			isa = PBXNativeTarget;
			buildConfigurationList = 789C35F120447FFD009A48F4 /* Build configuration list for PBXNativeTarget "learn-hustel-mode" */;
			buildPhases = (
				789C35DB20447FFC009A48F4 /* Sources */,
				789C35DC20447FFC009A48F4 /* Frameworks */,
				789C35DD20447FFC009A48F4 /* Resources */,
			);
			buildRules = (
			);
			dependencies = (
			);
			name = "learn-hustel-mode";
			productName = "learn-hustel-mode";
			productReference = 789C35DF20447FFD009A48F4 /* learn-hustel-mode.app */;
			productType = "com.apple.product-type.application";
		};
/* End PBXNativeTarget section */

/* Begin PBXProject section */
		789C35D720447FFC009A48F4 /* Project object */ = {
			isa = PBXProject;
			attributes = {
				LastSwiftUpdateCheck = 0920;
				LastUpgradeCheck = 0920;
				ORGANIZATIONNAME = "idea-capsule";
				TargetAttributes = {
					789C35DE20447FFC009A48F4 = {
						CreatedOnToolsVersion = 9.2;
						ProvisioningStyle = Automatic;
					};
				};
			};
			buildConfigurationList = 789C35DA20447FFC009A48F4 /* Build configuration list for PBXProject "learn-hustel-mode" */;
			compatibilityVersion = "Xcode 8.0";
			developmentRegion = en;
			hasScannedForEncodings = 0;
			knownRegions = (
				en,
				Base,
			);
			mainGroup = 789C35D620447FFC009A48F4;
			productRefGroup = 789C35E020447FFD009A48F4 /* Products */;
			projectDirPath = "";
			projectRoot = "";
			targets = (
				789C35DE20447FFC009A48F4 /* learn-hustel-mode */,
			);
		};
/* End PBXProject section */

/* Begin PBXResourcesBuildPhase section */
		789C35DD20447FFC009A48F4 /* Resources */ = {
			isa = PBXResourcesBuildPhase;
			buildActionMask = 2147483647;
			files = (
				789C35ED20447FFD009A48F4 /* LaunchScreen.storyboard in Resources */,
				789C35EA20447FFD009A48F4 /* Assets.xcassets in Resources */,
				789C35E820447FFD009A48F4 /* Main.storyboard in Resources */,
			);
			runOnlyForDeploymentPostprocessing = 0;
		};
/* End PBXResourcesBuildPhase section */

/* Begin PBXSourcesBuildPhase section */
		789C35DB20447FFC009A48F4 /* Sources */ = {
			isa = PBXSourcesBuildPhase;
			buildActionMask = 2147483647;
			files = (
				789C35E520447FFD009A48F4 /* ViewController.swift in Sources */,
				789C35E320447FFD009A48F4 /* AppDelegate.swift in Sources */,
			);
			runOnlyForDeploymentPostprocessing = 0;
		};
/* End PBXSourcesBuildPhase section */

/* Begin PBXVariantGroup section */
		789C35E620447FFD009A48F4 /* Main.storyboard */ = {
			isa = PBXVariantGroup;
			children = (
				789C35E720447FFD009A48F4 /* Base */,
			);
			name = Main.storyboard;
			sourceTree = "<group>";
		};
		789C35EB20447FFD009A48F4 /* LaunchScreen.storyboard */ = {
			isa = PBXVariantGroup;
			children = (
				789C35EC20447FFD009A48F4 /* Base */,
			);
			name = LaunchScreen.storyboard;
			sourceTree = "<group>";
		};
/* End PBXVariantGroup section */

/* Begin XCBuildConfiguration section */
		789C35EF20447FFD009A48F4 /* Debug */ = {
			isa = XCBuildConfiguration;
			buildSettings = {
				ALWAYS_SEARCH_USER_PATHS = NO;
				CLANG_ANALYZER_NONNULL = YES;
				CLANG_ANALYZER_NUMBER_OBJECT_CONVERSION = YES_AGGRESSIVE;
				CLANG_CXX_LANGUAGE_STANDARD = "gnu++14";
				CLANG_CXX_LIBRARY = "libc++";
				CLANG_ENABLE_MODULES = YES;
				CLANG_ENABLE_OBJC_ARC = YES;
				CLANG_WARN_BLOCK_CAPTURE_AUTORELEASING = YES;
				CLANG_WARN_BOOL_CONVERSION = YES;
				CLANG_WARN_COMMA = YES;
				CLANG_WARN_CONSTANT_CONVERSION = YES;
				CLANG_WARN_DIRECT_OBJC_ISA_USAGE = YES_ERROR;
				CLANG_WARN_DOCUMENTATION_COMMENTS = YES;
				CLANG_WARN_EMPTY_BODY = YES;
				CLANG_WARN_ENUM_CONVERSION = YES;
				CLANG_WARN_INFINITE_RECURSION = YES;
				CLANG_WARN_INT_CONVERSION = YES;
				CLANG_WARN_NON_LITERAL_NULL_CONVERSION = YES;
				CLANG_WARN_OBJC_LITERAL_CONVERSION = YES;
				CLANG_WARN_OBJC_ROOT_CLASS = YES_ERROR;
				CLANG_WARN_RANGE_LOOP_ANALYSIS = YES;
				CLANG_WARN_STRICT_PROTOTYPES = YES;
				CLANG_WARN_SUSPICIOUS_MOVE = YES;
				CLANG_WARN_UNGUARDED_AVAILABILITY = YES_AGGRESSIVE;
				CLANG_WARN_UNREACHABLE_CODE = YES;
				CLANG_WARN__DUPLICATE_METHOD_MATCH = YES;
				CODE_SIGN_IDENTITY = "iPhone Developer";
				COPY_PHASE_STRIP = NO;
				DEBUG_INFORMATION_FORMAT = dwarf;
				ENABLE_STRICT_OBJC_MSGSEND = YES;
				ENABLE_TESTABILITY = YES;
				GCC_C_LANGUAGE_STANDARD = gnu11;
				GCC_DYNAMIC_NO_PIC = NO;
				GCC_NO_COMMON_BLOCKS = YES;
				GCC_OPTIMIZATION_LEVEL = 0;
				GCC_PREPROCESSOR_DEFINITIONS = (
					"DEBUG=1",
					"$(inherited)",
				);
				GCC_WARN_64_TO_32_BIT_CONVERSION = YES;
				GCC_WARN_ABOUT_RETURN_TYPE = YES_ERROR;
				GCC_WARN_UNDECLARED_SELECTOR = YES;
				GCC_WARN_UNINITIALIZED_AUTOS = YES_AGGRESSIVE;
				GCC_WARN_UNUSED_FUNCTION = YES;
				GCC_WARN_UNUSED_VARIABLE = YES;
				IPHONEOS_DEPLOYMENT_TARGET = 11.2;
				MTL_ENABLE_DEBUG_INFO = YES;
				ONLY_ACTIVE_ARCH = YES;
				SDKROOT = iphoneos;
				SWIFT_ACTIVE_COMPILATION_CONDITIONS = DEBUG;
				SWIFT_OPTIMIZATION_LEVEL = "-Onone";
			};
			name = Debug;
		};
		789C35F020447FFD009A48F4 /* Release */ = {
			isa = XCBuildConfiguration;
			buildSettings = {
				ALWAYS_SEARCH_USER_PATHS = NO;
				CLANG_ANALYZER_NONNULL = YES;
				CLANG_ANALYZER_NUMBER_OBJECT_CONVERSION = YES_AGGRESSIVE;
				CLANG_CXX_LANGUAGE_STANDARD = "gnu++14";
				CLANG_CXX_LIBRARY = "libc++";
				CLANG_ENABLE_MODULES = YES;
				CLANG_ENABLE_OBJC_ARC = YES;
				CLANG_WARN_BLOCK_CAPTURE_AUTORELEASING = YES;
				CLANG_WARN_BOOL_CONVERSION = YES;
				CLANG_WARN_COMMA = YES;
				CLANG_WARN_CONSTANT_CONVERSION = YES;
				CLANG_WARN_DIRECT_OBJC_ISA_USAGE = YES_ERROR;
				CLANG_WARN_DOCUMENTATION_COMMENTS = YES;
				CLANG_WARN_EMPTY_BODY = YES;
				CLANG_WARN_ENUM_CONVERSION = YES;
				CLANG_WARN_INFINITE_RECURSION = YES;
				CLANG_WARN_INT_CONVERSION = YES;
				CLANG_WARN_NON_LITERAL_NULL_CONVERSION = YES;
				CLANG_WARN_OBJC_LITERAL_CONVERSION = YES;
				CLANG_WARN_OBJC_ROOT_CLASS = YES_ERROR;
				CLANG_WARN_RANGE_LOOP_ANALYSIS = YES;
				CLANG_WARN_STRICT_PROTOTYPES = YES;
				CLANG_WARN_SUSPICIOUS_MOVE = YES;
				CLANG_WARN_UNGUARDED_AVAILABILITY = YES_AGGRESSIVE;
				CLANG_WARN_UNREACHABLE_CODE = YES;
				CLANG_WARN__DUPLICATE_METHOD_MATCH = YES;
				CODE_SIGN_IDENTITY = "iPhone Developer";
				COPY_PHASE_STRIP = NO;
				DEBUG_INFORMATION_FORMAT = "dwarf-with-dsym";
				ENABLE_NS_ASSERTIONS = NO;
				ENABLE_STRICT_OBJC_MSGSEND = YES;
				GCC_C_LANGUAGE_STANDARD = gnu11;
				GCC_NO_COMMON_BLOCKS = YES;
				GCC_WARN_64_TO_32_BIT_CONVERSION = YES;
				GCC_WARN_ABOUT_RETURN_TYPE = YES_ERROR;
				GCC_WARN_UNDECLARED_SELECTOR = YES;
				GCC_WARN_UNINITIALIZED_AUTOS = YES_AGGRESSIVE;
				GCC_WARN_UNUSED_FUNCTION = YES;
				GCC_WARN_UNUSED_VARIABLE = YES;
				IPHONEOS_DEPLOYMENT_TARGET = 11.2;
				MTL_ENABLE_DEBUG_INFO = NO;
				SDKROOT = iphoneos;
				SWIFT_OPTIMIZATION_LEVEL = "-Owholemodule";
				VALIDATE_PRODUCT = YES;
			};
			name = Release;
		};
		789C35F220447FFD009A48F4 /* Debug */ = {
			isa = XCBuildConfiguration;
			buildSettings = {
				ASSETCATALOG_COMPILER_APPICON_NAME = AppIcon;
				CODE_SIGN_STYLE = Automatic;
				INFOPLIST_FILE = "learn-hustel-mode/Info.plist";
				LD_RUNPATH_SEARCH_PATHS = "$(inherited) @executable_path/Frameworks";
				PRODUCT_BUNDLE_IDENTIFIER = "idea-capsule.learn-hustel-mode";
				PRODUCT_NAME = "$(TARGET_NAME)";
				SWIFT_VERSION = 4.0;
				TARGETED_DEVICE_FAMILY = "1,2";
			};
			name = Debug;
		};
		789C35F320447FFD009A48F4 /* Release */ = {
			isa = XCBuildConfiguration;
			buildSettings = {
				ASSETCATALOG_COMPILER_APPICON_NAME = AppIcon;
				CODE_SIGN_STYLE = Automatic;
				INFOPLIST_FILE = "learn-hustel-mode/Info.plist";
				LD_RUNPATH_SEARCH_PATHS = "$(inherited) @executable_path/Frameworks";
				PRODUCT_BUNDLE_IDENTIFIER = "idea-capsule.learn-hustel-mode";
				PRODUCT_NAME = "$(TARGET_NAME)";
				SWIFT_VERSION = 4.0;
				TARGETED_DEVICE_FAMILY = "1,2";
			};
			name = Release;
		};
/* End XCBuildConfiguration section */

/* Begin XCConfigurationList section */
		789C35DA20447FFC009A48F4 /* Build configuration list for PBXProject "learn-hustel-mode" */ = {
			isa = XCConfigurationList;
			buildConfigurations = (
				789C35EF20447FFD009A48F4 /* Debug */,
				789C35F020447FFD009A48F4 /* Release */,
			);
			defaultConfigurationIsVisible = 0;
			defaultConfigurationName = Release;
		};
		789C35F120447FFD009A48F4 /* Build configuration list for PBXNativeTarget "learn-hustel-mode" */ = {
			isa = XCConfigurationList;
			buildConfigurations = (
				789C35F220447FFD009A48F4 /* Debug */,
				789C35F320447FFD009A48F4 /* Release */,
			);
			defaultConfigurationIsVisible = 0;
			defaultConfigurationName = Release;
		};
/* End XCConfigurationList section */
	};
	rootObject = 789C35D720447FFC009A48F4 /* Project object */;
}
